PODS:
  - lottie-ios (3.2.3)
  - POSInfiniteScroll (1.0.6)

DEPENDENCIES:
  - lottie-ios
  - POSInfiniteScroll (from `../`)

SPEC REPOS:
  trunk:
    - lottie-ios

EXTERNAL SOURCES:
  POSInfiniteScroll:
    :path: "../"

SPEC CHECKSUMS:
  lottie-ios: c058aeafa76daa4cf64d773554bccc8385d0150e
  POSInfiniteScroll: ed0d90ce561838b0216253d1c2e0dc4697130f3f

PODFILE CHECKSUM: 69f56ae2ae22e14c78271d7fb2820a1ce0bc7c6d

COCOAPODS: 1.10.1
